
Microsoft Visual Studio Solution File, Format Version 12.00
# Visual Studio Version 16
VisualStudioVersion = 16.0.28922.388
MinimumVisualStudioVersion = 10.0.40219.1
Project("{FAE04EC0-301F-11D3-BF4B-00C04F79EFBC}") = "MChatSDK", "MChatSDK\MChatSDK.csproj", "{8BC7D86A-FEA0-4FB7-B9D2-BDD94AEACBA8}"
EndProject
Project("{FAE04EC0-301F-11D3-BF4B-00C04F79EFBC}") = "ExampleNet45", "ExampleNet45\ExampleNet45.csproj", "{B1FC3EE2-8984-4E4F-9BA4-804FD3EE3E06}"
EndProject
Project("{FAE04EC0-301F-11D3-BF4B-00C04F79EFBC}") = "ExampleCore", "ExampleCore\ExampleCore.csproj", "{8196D051-951C-4C21-A412-A454EC154893}"
EndProject
Global
	GlobalSection(SolutionConfigurationPlatforms) = preSolution
		Debug|Any CPU = Debug|Any CPU
		Release|Any CPU = Release|Any CPU
	EndGlobalSection
	GlobalSection(ProjectConfigurationPlatforms) = postSolution
		{8BC7D86A-FEA0-4FB7-B9D2-BDD94AEACBA8}.Debug|Any CPU.ActiveCfg = Debug|Any CPU
		{8BC7D86A-FEA0-4FB7-B9D2-BDD94AEACBA8}.Debug|Any CPU.Build.0 = Debug|Any CPU
		{8BC7D86A-FEA0-4FB7-B9D2-BDD94AEACBA8}.Release|Any CPU.ActiveCfg = Release|Any CPU
		{8BC7D86A-FEA0-4FB7-B9D2-BDD94AEACBA8}.Release|Any CPU.Build.0 = Release|Any CPU
		{B1FC3EE2-8984-4E4F-9BA4-804FD3EE3E06}.Debug|Any CPU.ActiveCfg = Debug|Any CPU
		{B1FC3EE2-8984-4E4F-9BA4-804FD3EE3E06}.Debug|Any CPU.Build.0 = Debug|Any CPU
		{B1FC3EE2-8984-4E4F-9BA4-804FD3EE3E06}.Release|Any CPU.ActiveCfg = Release|Any CPU
		{B1FC3EE2-8984-4E4F-9BA4-804FD3EE3E06}.Release|Any CPU.Build.0 = Release|Any CPU
		{8196D051-951C-4C21-A412-A454EC154893}.Debug|Any CPU.ActiveCfg = Debug|Any CPU
		{8196D051-951C-4C21-A412-A454EC154893}.Debug|Any CPU.Build.0 = Debug|Any CPU
		{8196D051-951C-4C21-A412-A454EC154893}.Release|Any CPU.ActiveCfg = Release|Any CPU
		{8196D051-951C-4C21-A412-A454EC154893}.Release|Any CPU.Build.0 = Release|Any CPU
	EndGlobalSection
	GlobalSection(SolutionProperties) = preSolution
		HideSolutionNode = FALSE
	EndGlobalSection
	GlobalSection(ExtensibilityGlobals) = postSolution
		SolutionGuid = {1CCC27DB-335E-478F-9053-D8C1335839FE}
	EndGlobalSection
EndGlobal
